
Microsoft Visual Studio Solution File, Format Version 12.00
# Visual Studio Version 16
VisualStudioVersion = 16.0.30907.101
MinimumVisualStudioVersion = 10.0.40219.1
Project("{8BC9CEB8-8B4A-11D0-8D11-00A0C91BC942}") = "super-mario-3-se102", "super-mario-3-se102\super-mario-3-se102.vcxproj", "{C0E80793-6924-4A6F-9367-086590A7B1DF}"
EndProject
Global
	GlobalSection(SolutionConfigurationPlatforms) = preSolution
		Debug|x64 = Debug|x64
		Debug|x86 = Debug|x86
		Release|x64 = Release|x64
		Release|x86 = Release|x86
	EndGlobalSection
	GlobalSection(ProjectConfigurationPlatforms) = postSolution
		{C0E80793-6924-4A6F-9367-086590A7B1DF}.Debug|x64.ActiveCfg = Debug|x64
		{C0E80793-6924-4A6F-9367-086590A7B1DF}.Debug|x64.Build.0 = Debug|x64
		{C0E80793-6924-4A6F-9367-086590A7B1DF}.Debug|x86.ActiveCfg = Debug|Win32
		{C0E80793-6924-4A6F-9367-086590A7B1DF}.Debug|x86.Build.0 = Debug|Win32
		{C0E80793-6924-4A6F-9367-086590A7B1DF}.Release|x64.ActiveCfg = Release|x64
		{C0E80793-6924-4A6F-9367-086590A7B1DF}.Release|x64.Build.0 = Release|x64
		{C0E80793-6924-4A6F-9367-086590A7B1DF}.Release|x86.ActiveCfg = Release|Win32
		{C0E80793-6924-4A6F-9367-086590A7B1DF}.Release|x86.Build.0 = Release|Win32
	EndGlobalSection
	GlobalSection(SolutionProperties) = preSolution
		HideSolutionNode = FALSE
	EndGlobalSection
	GlobalSection(ExtensibilityGlobals) = postSolution
		SolutionGuid = {E6F7EE19-0B2A-4622-8300-AC21911DE775}
	EndGlobalSection
EndGlobal
